// !$*UTF8*$!
{
	archiveVersion = 1;
	classes = {
	};
	objectVersion = 77;
	objects = {

/* Begin PBXContainerItemProxy section */
		F19A084F2CE5FA710016B45A /* PBXContainerItemProxy */ = {
			isa = PBXContainerItemProxy;
			containerPortal = F19A08312CE5FA6D0016B45A /* Project object */;
			proxyType = 1;
			remoteGlobalIDString = F19A08382CE5FA6D0016B45A;
			remoteInfo = "Smart Study";
		};
		F19A08592CE5FA710016B45A /* PBXContainerItemProxy */ = {
			isa = PBXContainerItemProxy;
			containerPortal = F19A08312CE5FA6D0016B45A /* Project object */;
			proxyType = 1;
			remoteGlobalIDString = F19A08382CE5FA6D0016B45A;
			remoteInfo = "Smart Study";
		};
/* End PBXContainerItemProxy section */

/* Begin PBXFileReference section */
		F19A08392CE5FA6D0016B45A /* Smart Study.app */ = {isa = PBXFileReference; explicitFileType = wrapper.application; includeInIndex = 0; path = "Smart Study.app"; sourceTree = BUILT_PRODUCTS_DIR; };
		F19A084E2CE5FA710016B45A /* Smart StudyTests.xctest */ = {isa = PBXFileReference; explicitFileType = wrapper.cfbundle; includeInIndex = 0; path = "Smart StudyTests.xctest"; sourceTree = BUILT_PRODUCTS_DIR; };
		F19A08582CE5FA710016B45A /* Smart StudyUITests.xctest */ = {isa = PBXFileReference; explicitFileType = wrapper.cfbundle; includeInIndex = 0; path = "Smart StudyUITests.xctest"; sourceTree = BUILT_PRODUCTS_DIR; };
/* End PBXFileReference section */

/* Begin PBXFileSystemSynchronizedRootGroup section */
		F19A083B2CE5FA6D0016B45A /* Smart Study */ = {
			isa = PBXFileSystemSynchronizedRootGroup;
			path = "Smart Study";
			sourceTree = "<group>";
		};
		F19A08512CE5FA710016B45A /* Smart StudyTests */ = {
			isa = PBXFileSystemSynchronizedRootGroup;
			path = "Smart StudyTests";
			sourceTree = "<group>";
		};
		F19A085B2CE5FA710016B45A /* Smart StudyUITests */ = {
			isa = PBXFileSystemSynchronizedRootGroup;
			path = "Smart StudyUITests";
			sourceTree = "<group>";
		};
/* End PBXFileSystemSynchronizedRootGroup section */

/* Begin PBXFrameworksBuildPhase section */
		F19A08362CE5FA6D0016B45A /* Frameworks */ = {
			isa = PBXFrameworksBuildPhase;
			buildActionMask = 2147483647;
			files = (
			);
			runOnlyForDeploymentPostprocessing = 0;
		};
		F19A084B2CE5FA710016B45A /* Frameworks */ = {
			isa = PBXFrameworksBuildPhase;
			buildActionMask = 2147483647;
			files = (
			);
			runOnlyForDeploymentPostprocessing = 0;
		};
		F19A08552CE5FA710016B45A /* Frameworks */ = {
			isa = PBXFrameworksBuildPhase;
			buildActionMask = 2147483647;
			files = (
			);
			runOnlyForDeploymentPostprocessing = 0;
		};
/* End PBXFrameworksBuildPhase section */

/* Begin PBXGroup section */
		F19A08302CE5FA6D0016B45A = {
			isa = PBXGroup;
			children = (
				F19A083B2CE5FA6D0016B45A /* Smart Study */,
				F19A08512CE5FA710016B45A /* Smart StudyTests */,
				F19A085B2CE5FA710016B45A /* Smart StudyUITests */,
				F19A083A2CE5FA6D0016B45A /* Products */,
			);
			sourceTree = "<group>";
		};
		F19A083A2CE5FA6D0016B45A /* Products */ = {
			isa = PBXGroup;
			children = (
				F19A08392CE5FA6D0016B45A /* Smart Study.app */,
				F19A084E2CE5FA710016B45A /* Smart StudyTests.xctest */,
				F19A08582CE5FA710016B45A /* Smart StudyUITests.xctest */,
			);
			name = Products;
			sourceTree = "<group>";
		};
/* End PBXGroup section */

/* Begin PBXNativeTarget section */
		F19A08382CE5FA6D0016B45A /* Smart Study */ = {
			isa = PBXNativeTarget;
			buildConfigurationList = F19A08622CE5FA710016B45A /* Build configuration list for PBXNativeTarget "Smart Study" */;
			buildPhases = (
				F19A08352CE5FA6D0016B45A /* Sources */,
				F19A08362CE5FA6D0016B45A /* Frameworks */,
				F19A08372CE5FA6D0016B45A /* Resources */,
			);
			buildRules = (
			);
			dependencies = (
			);
			fileSystemSynchronizedGroups = (
				F19A083B2CE5FA6D0016B45A /* Smart Study */,
			);
			name = "Smart Study";
			packageProductDependencies = (
			);
			productName = "Smart Study";
			productReference = F19A08392CE5FA6D0016B45A /* Smart Study.app */;
			productType = "com.apple.product-type.application";
		};
		F19A084D2CE5FA710016B45A /* Smart StudyTests */ = {
			isa = PBXNativeTarget;
			buildConfigurationList = F19A08652CE5FA710016B45A /* Build configuration list for PBXNativeTarget "Smart StudyTests" */;
			buildPhases = (
				F19A084A2CE5FA710016B45A /* Sources */,
				F19A084B2CE5FA710016B45A /* Frameworks */,
				F19A084C2CE5FA710016B45A /* Resources */,
			);
			buildRules = (
			);
			dependencies = (
				F19A08502CE5FA710016B45A /* PBXTargetDependency */,
			);
			fileSystemSynchronizedGroups = (
				F19A08512CE5FA710016B45A /* Smart StudyTests */,
			);
			name = "Smart StudyTests";
			packageProductDependencies = (
			);
			productName = "Smart StudyTests";
			productReference = F19A084E2CE5FA710016B45A /* Smart StudyTests.xctest */;
			productType = "com.apple.product-type.bundle.unit-test";
		};
		F19A08572CE5FA710016B45A /* Smart StudyUITests */ = {
			isa = PBXNativeTarget;
			buildConfigurationList = F19A08682CE5FA710016B45A /* Build configuration list for PBXNativeTarget "Smart StudyUITests" */;
			buildPhases = (
				F19A08542CE5FA710016B45A /* Sources */,
				F19A08552CE5FA710016B45A /* Frameworks */,
				F19A08562CE5FA710016B45A /* Resources */,
			);
			buildRules = (
			);
			dependencies = (
				F19A085A2CE5FA710016B45A /* PBXTargetDependency */,
			);
			fileSystemSynchronizedGroups = (
				F19A085B2CE5FA710016B45A /* Smart StudyUITests */,
			);
			name = "Smart StudyUITests";
			packageProductDependencies = (
			);
			productName = "Smart StudyUITests";
			productReference = F19A08582CE5FA710016B45A /* Smart StudyUITests.xctest */;
			productType = "com.apple.product-type.bundle.ui-testing";
		};
/* End PBXNativeTarget section */

/* Begin PBXProject section */
		F19A08312CE5FA6D0016B45A /* Project object */ = {
			isa = PBXProject;
			attributes = {
				BuildIndependentTargetsInParallel = 1;
				LastSwiftUpdateCheck = 1610;
				LastUpgradeCheck = 1610;
				TargetAttributes = {
					F19A08382CE5FA6D0016B45A = {
						CreatedOnToolsVersion = 16.1;
					};
					F19A084D2CE5FA710016B45A = {
						CreatedOnToolsVersion = 16.1;
						TestTargetID = F19A08382CE5FA6D0016B45A;
					};
					F19A08572CE5FA710016B45A = {
						CreatedOnToolsVersion = 16.1;
						TestTargetID = F19A08382CE5FA6D0016B45A;
					};
				};
			};
			buildConfigurationList = F19A08342CE5FA6D0016B45A /* Build configuration list for PBXProject "Smart Study" */;
			developmentRegion = en;
			hasScannedForEncodings = 0;
			knownRegions = (
				en,
				Base,
			);
			mainGroup = F19A08302CE5FA6D0016B45A;
			minimizedProjectReferenceProxies = 1;
			preferredProjectObjectVersion = 77;
			productRefGroup = F19A083A2CE5FA6D0016B45A /* Products */;
			projectDirPath = "";
			projectRoot = "";
			targets = (
				F19A08382CE5FA6D0016B45A /* Smart Study */,
				F19A084D2CE5FA710016B45A /* Smart StudyTests */,
				F19A08572CE5FA710016B45A /* Smart StudyUITests */,
			);
		};
/* End PBXProject section */

/* Begin PBXResourcesBuildPhase section */
		F19A08372CE5FA6D0016B45A /* Resources */ = {
			isa = PBXResourcesBuildPhase;
			buildActionMask = 2147483647;
			files = (
			);
			runOnlyForDeploymentPostprocessing = 0;
		};
		F19A084C2CE5FA710016B45A /* Resources */ = {
			isa = PBXResourcesBuildPhase;
			buildActionMask = 2147483647;
			files = (
			);
			runOnlyForDeploymentPostprocessing = 0;
		};
		F19A08562CE5FA710016B45A /* Resources */ = {
			isa = PBXResourcesBuildPhase;
			buildActionMask = 2147483647;
			files = (
			);
			runOnlyForDeploymentPostprocessing = 0;
		};
/* End PBXResourcesBuildPhase section */

/* Begin PBXSourcesBuildPhase section */
		F19A08352CE5FA6D0016B45A /* Sources */ = {
			isa = PBXSourcesBuildPhase;
			buildActionMask = 2147483647;
			files = (
			);
			runOnlyForDeploymentPostprocessing = 0;
		};
		F19A084A2CE5FA710016B45A /* Sources */ = {
			isa = PBXSourcesBuildPhase;
			buildActionMask = 2147483647;
			files = (
			);
			runOnlyForDeploymentPostprocessing = 0;
		};
		F19A08542CE5FA710016B45A /* Sources */ = {
			isa = PBXSourcesBuildPhase;
			buildActionMask = 2147483647;
			files = (
			);
			runOnlyForDeploymentPostprocessing = 0;
		};
/* End PBXSourcesBuildPhase section */

/* Begin PBXTargetDependency section */
		F19A08502CE5FA710016B45A /* PBXTargetDependency */ = {
			isa = PBXTargetDependency;
			target = F19A08382CE5FA6D0016B45A /* Smart Study */;
			targetProxy = F19A084F2CE5FA710016B45A /* PBXContainerItemProxy */;
		};
		F19A085A2CE5FA710016B45A /* PBXTargetDependency */ = {
			isa = PBXTargetDependency;
			target = F19A08382CE5FA6D0016B45A /* Smart Study */;
			targetProxy = F19A08592CE5FA710016B45A /* PBXContainerItemProxy */;
		};
/* End PBXTargetDependency section */

/* Begin XCBuildConfiguration section */
		F19A08602CE5FA710016B45A /* Debug */ = {
			isa = XCBuildConfiguration;
			buildSettings = {
				ALWAYS_SEARCH_USER_PATHS = NO;
				ASSETCATALOG_COMPILER_GENERATE_SWIFT_ASSET_SYMBOL_EXTENSIONS = YES;
				CLANG_ANALYZER_NONNULL = YES;
				CLANG_ANALYZER_NUMBER_OBJECT_CONVERSION = YES_AGGRESSIVE;
				CLANG_CXX_LANGUAGE_STANDARD = "gnu++20";
				CLANG_ENABLE_MODULES = YES;
				CLANG_ENABLE_OBJC_ARC = YES;
				CLANG_ENABLE_OBJC_WEAK = YES;
				CLANG_WARN_BLOCK_CAPTURE_AUTORELEASING = YES;
				CLANG_WARN_BOOL_CONVERSION = YES;
				CLANG_WARN_COMMA = YES;
				CLANG_WARN_CONSTANT_CONVERSION = YES;
				CLANG_WARN_DEPRECATED_OBJC_IMPLEMENTATIONS = YES;
				CLANG_WARN_DIRECT_OBJC_ISA_USAGE = YES_ERROR;
				CLANG_WARN_DOCUMENTATION_COMMENTS = YES;
				CLANG_WARN_EMPTY_BODY = YES;
				CLANG_WARN_ENUM_CONVERSION = YES;
				CLANG_WARN_INFINITE_RECURSION = YES;
				CLANG_WARN_INT_CONVERSION = YES;
				CLANG_WARN_NON_LITERAL_NULL_CONVERSION = YES;
				CLANG_WARN_OBJC_IMPLICIT_RETAIN_SELF = YES;
				CLANG_WARN_OBJC_LITERAL_CONVERSION = YES;
				CLANG_WARN_OBJC_ROOT_CLASS = YES_ERROR;
				CLANG_WARN_QUOTED_INCLUDE_IN_FRAMEWORK_HEADER = YES;
				CLANG_WARN_RANGE_LOOP_ANALYSIS = YES;
				CLANG_WARN_STRICT_PROTOTYPES = YES;
				CLANG_WARN_SUSPICIOUS_MOVE = YES;
				CLANG_WARN_UNGUARDED_AVAILABILITY = YES_AGGRESSIVE;
				CLANG_WARN_UNREACHABLE_CODE = YES;
				CLANG_WARN__DUPLICATE_METHOD_MATCH = YES;
				COPY_PHASE_STRIP = NO;
				DEBUG_INFORMATION_FORMAT = dwarf;
				ENABLE_STRICT_OBJC_MSGSEND = YES;
				ENABLE_TESTABILITY = YES;
				ENABLE_USER_SCRIPT_SANDBOXING = YES;
				GCC_C_LANGUAGE_STANDARD = gnu17;
				GCC_DYNAMIC_NO_PIC = NO;
				GCC_NO_COMMON_BLOCKS = YES;
				GCC_OPTIMIZATION_LEVEL = 0;
				GCC_PREPROCESSOR_DEFINITIONS = (
					"DEBUG=1",
					"$(inherited)",
				);
				GCC_WARN_64_TO_32_BIT_CONVERSION = YES;
				GCC_WARN_ABOUT_RETURN_TYPE = YES_ERROR;
				GCC_WARN_UNDECLARED_SELECTOR = YES;
				GCC_WARN_UNINITIALIZED_AUTOS = YES_AGGRESSIVE;
				GCC_WARN_UNUSED_FUNCTION = YES;
				GCC_WARN_UNUSED_VARIABLE = YES;
				IPHONEOS_DEPLOYMENT_TARGET = 18.1;
				LOCALIZATION_PREFERS_STRING_CATALOGS = YES;
				MTL_ENABLE_DEBUG_INFO = INCLUDE_SOURCE;
				MTL_FAST_MATH = YES;
				ONLY_ACTIVE_ARCH = YES;
				SDKROOT = iphoneos;
				SWIFT_ACTIVE_COMPILATION_CONDITIONS = "DEBUG $(inherited)";
				SWIFT_OPTIMIZATION_LEVEL = "-Onone";
			};
			name = Debug;
		};
		F19A08612CE5FA710016B45A /* Release */ = {
			isa = XCBuildConfiguration;
			buildSettings = {
				ALWAYS_SEARCH_USER_PATHS = NO;
				ASSETCATALOG_COMPILER_GENERATE_SWIFT_ASSET_SYMBOL_EXTENSIONS = YES;
				CLANG_ANALYZER_NONNULL = YES;
				CLANG_ANALYZER_NUMBER_OBJECT_CONVERSION = YES_AGGRESSIVE;
				CLANG_CXX_LANGUAGE_STANDARD = "gnu++20";
				CLANG_ENABLE_MODULES = YES;
				CLANG_ENABLE_OBJC_ARC = YES;
				CLANG_ENABLE_OBJC_WEAK = YES;
				CLANG_WARN_BLOCK_CAPTURE_AUTORELEASING = YES;
				CLANG_WARN_BOOL_CONVERSION = YES;
				CLANG_WARN_COMMA = YES;
				CLANG_WARN_CONSTANT_CONVERSION = YES;
				CLANG_WARN_DEPRECATED_OBJC_IMPLEMENTATIONS = YES;
				CLANG_WARN_DIRECT_OBJC_ISA_USAGE = YES_ERROR;
				CLANG_WARN_DOCUMENTATION_COMMENTS = YES;
				CLANG_WARN_EMPTY_BODY = YES;
				CLANG_WARN_ENUM_CONVERSION = YES;
				CLANG_WARN_INFINITE_RECURSION = YES;
				CLANG_WARN_INT_CONVERSION = YES;
				CLANG_WARN_NON_LITERAL_NULL_CONVERSION = YES;
				CLANG_WARN_OBJC_IMPLICIT_RETAIN_SELF = YES;
				CLANG_WARN_OBJC_LITERAL_CONVERSION = YES;
				CLANG_WARN_OBJC_ROOT_CLASS = YES_ERROR;
				CLANG_WARN_QUOTED_INCLUDE_IN_FRAMEWORK_HEADER = YES;
				CLANG_WARN_RANGE_LOOP_ANALYSIS = YES;
				CLANG_WARN_STRICT_PROTOTYPES = YES;
				CLANG_WARN_SUSPICIOUS_MOVE = YES;
				CLANG_WARN_UNGUARDED_AVAILABILITY = YES_AGGRESSIVE;
				CLANG_WARN_UNREACHABLE_CODE = YES;
				CLANG_WARN__DUPLICATE_METHOD_MATCH = YES;
				COPY_PHASE_STRIP = NO;
				DEBUG_INFORMATION_FORMAT = "dwarf-with-dsym";
				ENABLE_NS_ASSERTIONS = NO;
				ENABLE_STRICT_OBJC_MSGSEND = YES;
				ENABLE_USER_SCRIPT_SANDBOXING = YES;
				GCC_C_LANGUAGE_STANDARD = gnu17;
				GCC_NO_COMMON_BLOCKS = YES;
				GCC_WARN_64_TO_32_BIT_CONVERSION = YES;
				GCC_WARN_ABOUT_RETURN_TYPE = YES_ERROR;
				GCC_WARN_UNDECLARED_SELECTOR = YES;
				GCC_WARN_UNINITIALIZED_AUTOS = YES_AGGRESSIVE;
				GCC_WARN_UNUSED_FUNCTION = YES;
				GCC_WARN_UNUSED_VARIABLE = YES;
				IPHONEOS_DEPLOYMENT_TARGET = 18.1;
				LOCALIZATION_PREFERS_STRING_CATALOGS = YES;
				MTL_ENABLE_DEBUG_INFO = NO;
				MTL_FAST_MATH = YES;
				SDKROOT = iphoneos;
				SWIFT_COMPILATION_MODE = wholemodule;
				VALIDATE_PRODUCT = YES;
			};
			name = Release;
		};
		F19A08632CE5FA710016B45A /* Debug */ = {
			isa = XCBuildConfiguration;
			buildSettings = {
				ASSETCATALOG_COMPILER_APPICON_NAME = AppIcon;
				ASSETCATALOG_COMPILER_GLOBAL_ACCENT_COLOR_NAME = AccentColor;
				CODE_SIGN_STYLE = Automatic;
				CURRENT_PROJECT_VERSION = 1;
				DEVELOPMENT_ASSET_PATHS = "\"Smart Study/Preview Content\"";
				ENABLE_PREVIEWS = YES;
				GENERATE_INFOPLIST_FILE = YES;
				INFOPLIST_KEY_UIApplicationSceneManifest_Generation = YES;
				INFOPLIST_KEY_UIApplicationSupportsIndirectInputEvents = YES;
				INFOPLIST_KEY_UILaunchScreen_Generation = YES;
				INFOPLIST_KEY_UISupportedInterfaceOrientations_iPad = "UIInterfaceOrientationPortrait UIInterfaceOrientationPortraitUpsideDown UIInterfaceOrientationLandscapeLeft UIInterfaceOrientationLandscapeRight";
				INFOPLIST_KEY_UISupportedInterfaceOrientations_iPhone = "UIInterfaceOrientationPortrait UIInterfaceOrientationLandscapeLeft UIInterfaceOrientationLandscapeRight";
				LD_RUNPATH_SEARCH_PATHS = (
					"$(inherited)",
					"@executable_path/Frameworks",
				);
				MARKETING_VERSION = 1.0;
				PRODUCT_BUNDLE_IDENTIFIER = "Sandeep.Smart-Study";
				PRODUCT_NAME = "$(TARGET_NAME)";
				SWIFT_EMIT_LOC_STRINGS = YES;
				SWIFT_VERSION = 5.0;
				TARGETED_DEVICE_FAMILY = "1,2";
			};
			name = Debug;
		};
		F19A08642CE5FA710016B45A /* Release */ = {
			isa = XCBuildConfiguration;
			buildSettings = {
				ASSETCATALOG_COMPILER_APPICON_NAME = AppIcon;
				ASSETCATALOG_COMPILER_GLOBAL_ACCENT_COLOR_NAME = AccentColor;
				CODE_SIGN_STYLE = Automatic;
				CURRENT_PROJECT_VERSION = 1;
				DEVELOPMENT_ASSET_PATHS = "\"Smart Study/Preview Content\"";
				ENABLE_PREVIEWS = YES;
				GENERATE_INFOPLIST_FILE = YES;
				INFOPLIST_KEY_UIApplicationSceneManifest_Generation = YES;
				INFOPLIST_KEY_UIApplicationSupportsIndirectInputEvents = YES;
				INFOPLIST_KEY_UILaunchScreen_Generation = YES;
				INFOPLIST_KEY_UISupportedInterfaceOrientations_iPad = "UIInterfaceOrientationPortrait UIInterfaceOrientationPortraitUpsideDown UIInterfaceOrientationLandscapeLeft UIInterfaceOrientationLandscapeRight";
				INFOPLIST_KEY_UISupportedInterfaceOrientations_iPhone = "UIInterfaceOrientationPortrait UIInterfaceOrientationLandscapeLeft UIInterfaceOrientationLandscapeRight";
				LD_RUNPATH_SEARCH_PATHS = (
					"$(inherited)",
					"@executable_path/Frameworks",
				);
				MARKETING_VERSION = 1.0;
				PRODUCT_BUNDLE_IDENTIFIER = "Sandeep.Smart-Study";
				PRODUCT_NAME = "$(TARGET_NAME)";
				SWIFT_EMIT_LOC_STRINGS = YES;
				SWIFT_VERSION = 5.0;
				TARGETED_DEVICE_FAMILY = "1,2";
			};
			name = Release;
		};
		F19A08662CE5FA710016B45A /* Debug */ = {
			isa = XCBuildConfiguration;
			buildSettings = {
				BUNDLE_LOADER = "$(TEST_HOST)";
				CODE_SIGN_STYLE = Automatic;
				CURRENT_PROJECT_VERSION = 1;
				GENERATE_INFOPLIST_FILE = YES;
				IPHONEOS_DEPLOYMENT_TARGET = 18.1;
				MARKETING_VERSION = 1.0;
				PRODUCT_BUNDLE_IDENTIFIER = "Sandeep.Smart-StudyTests";
				PRODUCT_NAME = "$(TARGET_NAME)";
				SWIFT_EMIT_LOC_STRINGS = NO;
				SWIFT_VERSION = 5.0;
				TARGETED_DEVICE_FAMILY = "1,2";
				TEST_HOST = "$(BUILT_PRODUCTS_DIR)/Smart Study.app/$(BUNDLE_EXECUTABLE_FOLDER_PATH)/Smart Study";
			};
			name = Debug;
		};
		F19A08672CE5FA710016B45A /* Release */ = {
			isa = XCBuildConfiguration;
			buildSettings = {
				BUNDLE_LOADER = "$(TEST_HOST)";
				CODE_SIGN_STYLE = Automatic;
				CURRENT_PROJECT_VERSION = 1;
				GENERATE_INFOPLIST_FILE = YES;
				IPHONEOS_DEPLOYMENT_TARGET = 18.1;
				MARKETING_VERSION = 1.0;
				PRODUCT_BUNDLE_IDENTIFIER = "Sandeep.Smart-StudyTests";
				PRODUCT_NAME = "$(TARGET_NAME)";
				SWIFT_EMIT_LOC_STRINGS = NO;
				SWIFT_VERSION = 5.0;
				TARGETED_DEVICE_FAMILY = "1,2";
				TEST_HOST = "$(BUILT_PRODUCTS_DIR)/Smart Study.app/$(BUNDLE_EXECUTABLE_FOLDER_PATH)/Smart Study";
			};
			name = Release;
		};
		F19A08692CE5FA710016B45A /* Debug */ = {
			isa = XCBuildConfiguration;
			buildSettings = {
				CODE_SIGN_STYLE = Automatic;
				CURRENT_PROJECT_VERSION = 1;
				GENERATE_INFOPLIST_FILE = YES;
				MARKETING_VERSION = 1.0;
				PRODUCT_BUNDLE_IDENTIFIER = "Sandeep.Smart-StudyUITests";
				PRODUCT_NAME = "$(TARGET_NAME)";
				SWIFT_EMIT_LOC_STRINGS = NO;
				SWIFT_VERSION = 5.0;
				TARGETED_DEVICE_FAMILY = "1,2";
				TEST_TARGET_NAME = "Smart Study";
			};
			name = Debug;
		};
		F19A086A2CE5FA710016B45A /* Release */ = {
			isa = XCBuildConfiguration;
			buildSettings = {
				CODE_SIGN_STYLE = Automatic;
				CURRENT_PROJECT_VERSION = 1;
				GENERATE_INFOPLIST_FILE = YES;
				MARKETING_VERSION = 1.0;
				PRODUCT_BUNDLE_IDENTIFIER = "Sandeep.Smart-StudyUITests";
				PRODUCT_NAME = "$(TARGET_NAME)";
				SWIFT_EMIT_LOC_STRINGS = NO;
				SWIFT_VERSION = 5.0;
				TARGETED_DEVICE_FAMILY = "1,2";
				TEST_TARGET_NAME = "Smart Study";
			};
			name = Release;
		};
/* End XCBuildConfiguration section */

/* Begin XCConfigurationList section */
		F19A08342CE5FA6D0016B45A /* Build configuration list for PBXProject "Smart Study" */ = {
			isa = XCConfigurationList;
			buildConfigurations = (
				F19A08602CE5FA710016B45A /* Debug */,
				F19A08612CE5FA710016B45A /* Release */,
			);
			defaultConfigurationIsVisible = 0;
			defaultConfigurationName = Release;
		};
		F19A08622CE5FA710016B45A /* Build configuration list for PBXNativeTarget "Smart Study" */ = {
			isa = XCConfigurationList;
			buildConfigurations = (
				F19A08632CE5FA710016B45A /* Debug */,
				F19A08642CE5FA710016B45A /* Release */,
			);
			defaultConfigurationIsVisible = 0;
			defaultConfigurationName = Release;
		};
		F19A08652CE5FA710016B45A /* Build configuration list for PBXNativeTarget "Smart StudyTests" */ = {
			isa = XCConfigurationList;
			buildConfigurations = (
				F19A08662CE5FA710016B45A /* Debug */,
				F19A08672CE5FA710016B45A /* Release */,
			);
			defaultConfigurationIsVisible = 0;
			defaultConfigurationName = Release;
		};
		F19A08682CE5FA710016B45A /* Build configuration list for PBXNativeTarget "Smart StudyUITests" */ = {
			isa = XCConfigurationList;
			buildConfigurations = (
				F19A08692CE5FA710016B45A /* Debug */,
				F19A086A2CE5FA710016B45A /* Release */,
			);
			defaultConfigurationIsVisible = 0;
			defaultConfigurationName = Release;
		};
/* End XCConfigurationList section */
	};
	rootObject = F19A08312CE5FA6D0016B45A /* Project object */;
}
